
Microsoft Visual Studio Solution File, Format Version 12.00
# Visual Studio Version 17
VisualStudioVersion = 17.11.35222.181
MinimumVisualStudioVersion = 10.0.40219.1
Project("{FAE04EC0-301F-11D3-BF4B-00C04F79EFBC}") = "TecsaNutritionApi", "TecsaNutritionApi\TecsaNutritionApi.csproj", "{FA4FEEE5-FAEC-4BE2-8D12-C5D0D990290E}"
EndProject
Global
	GlobalSection(SolutionConfigurationPlatforms) = preSolution
		Debug|Any CPU = Debug|Any CPU
		Release|Any CPU = Release|Any CPU
	EndGlobalSection
	GlobalSection(ProjectConfigurationPlatforms) = postSolution
		{FA4FEEE5-FAEC-4BE2-8D12-C5D0D990290E}.Debug|Any CPU.ActiveCfg = Debug|Any CPU
		{FA4FEEE5-FAEC-4BE2-8D12-C5D0D990290E}.Debug|Any CPU.Build.0 = Debug|Any CPU
		{FA4FEEE5-FAEC-4BE2-8D12-C5D0D990290E}.Release|Any CPU.ActiveCfg = Release|Any CPU
		{FA4FEEE5-FAEC-4BE2-8D12-C5D0D990290E}.Release|Any CPU.Build.0 = Release|Any CPU
	EndGlobalSection
	GlobalSection(SolutionProperties) = preSolution
		HideSolutionNode = FALSE
	EndGlobalSection
	GlobalSection(ExtensibilityGlobals) = postSolution
		SolutionGuid = {1827A888-B94A-4C07-A2B3-B75BFAB377B5}
	EndGlobalSection
EndGlobal
